
Microsoft Visual Studio Solution File, Format Version 12.00
Project("{FAE04EC0-301F-11D3-BF4B-00C04F79EFBC}") = "MetricsReporter", "MetricsReporter.csproj", "{0B5F2C50-8C80-4A72-9BFE-26F8F30669F1}"
EndProject
Global
	GlobalSection(SolutionConfigurationPlatforms) = preSolution
		Debug|Any CPU = Debug|Any CPU
		Release|Any CPU = Release|Any CPU
	EndGlobalSection
	GlobalSection(ProjectConfigurationPlatforms) = postSolution
		{0B5F2C50-8C80-4A72-9BFE-26F8F30669F1}.Debug|Any CPU.ActiveCfg = Debug|Any CPU
		{0B5F2C50-8C80-4A72-9BFE-26F8F30669F1}.Debug|Any CPU.Build.0 = Debug|Any CPU
		{0B5F2C50-8C80-4A72-9BFE-26F8F30669F1}.Release|Any CPU.ActiveCfg = Release|Any CPU
		{0B5F2C50-8C80-4A72-9BFE-26F8F30669F1}.Release|Any CPU.Build.0 = Release|Any CPU
	EndGlobalSection
EndGlobal
